PODS:
  - Flutter (1.0.0)
  - integration_test (0.0.1):
    - Flutter
  - screen_time_api_ios (0.0.1):
    - Flutter

DEPENDENCIES:
  - Flutter (from `Flutter`)
  - integration_test (from `.symlinks/plugins/integration_test/ios`)
  - screen_time_api_ios (from `.symlinks/plugins/screen_time_api_ios/ios`)

EXTERNAL SOURCES:
  Flutter:
    :path: Flutter
  integration_test:
    :path: ".symlinks/plugins/integration_test/ios"
  screen_time_api_ios:
    :path: ".symlinks/plugins/screen_time_api_ios/ios"

SPEC CHECKSUMS:
  Flutter: f04841e97a9d0b0a8025694d0796dd46242b2854
  integration_test: 13825b8a9334a850581300559b8839134b124670
  screen_time_api_ios: bfa77edf8dc18ff25471e01744eadc9746c7d947

PODFILE CHECKSUM: 70d9d25280d0dd177a5f637cdb0f0b0b12c6a189

COCOAPODS: 1.12.0
